
Microsoft Visual Studio Solution File, Format Version 12.00
# Visual Studio 15
VisualStudioVersion = 15.0.27428.2043
MinimumVisualStudioVersion = 10.0.40219.1
Project("{FAE04EC0-301F-11D3-BF4B-00C04F79EFBC}") = "Yomisen2", "Yomisen2\Yomisen2.csproj", "{0382B1BE-2A40-4E68-827F-D609A3CA5F0F}"
EndProject
Global
	GlobalSection(SolutionConfigurationPlatforms) = preSolution
		Debug|Any CPU = Debug|Any CPU
		Release|Any CPU = Release|Any CPU
	EndGlobalSection
	GlobalSection(ProjectConfigurationPlatforms) = postSolution
		{0382B1BE-2A40-4E68-827F-D609A3CA5F0F}.Debug|Any CPU.ActiveCfg = Debug|Any CPU
		{0382B1BE-2A40-4E68-827F-D609A3CA5F0F}.Debug|Any CPU.Build.0 = Debug|Any CPU
		{0382B1BE-2A40-4E68-827F-D609A3CA5F0F}.Release|Any CPU.ActiveCfg = Release|Any CPU
		{0382B1BE-2A40-4E68-827F-D609A3CA5F0F}.Release|Any CPU.Build.0 = Release|Any CPU
	EndGlobalSection
	GlobalSection(SolutionProperties) = preSolution
		HideSolutionNode = FALSE
	EndGlobalSection
	GlobalSection(ExtensibilityGlobals) = postSolution
		SolutionGuid = {0DD937AC-94C3-4177-B99C-A8F7E6F38235}
	EndGlobalSection
EndGlobal
